<Solution>
  <Project Path="InterfaceImplAsExtensionGenerator/InterfaceImplAsExtensionGenerator.csproj" />
  <Project Path="MetaSourceGenerator.AttributeFactory/MetaSourceGenerator.AttributeFactory.csproj" />
  <Project Path="SourceGeneratorTests/SourceGeneratorTests.csproj" />
  <Project Path="StaticMethodAsExtensionGenerator/StaticMethodAsExtensionGenerator.csproj" />
</Solution>
